
Microsoft Visual Studio Solution File, Format Version 12.00
# Visual Studio 2012
Project("{FAE04EC0-301F-11D3-BF4B-00C04F79EFBC}") = "object_browser", "object_browser\object_browser.csproj", "{D5977706-E5C6-4FDB-BE46-049DC8F9C4BC}"
EndProject
Global
	GlobalSection(SolutionConfigurationPlatforms) = preSolution
		Debug|Any CPU = Debug|Any CPU
		Release|Any CPU = Release|Any CPU
	EndGlobalSection
	GlobalSection(ProjectConfigurationPlatforms) = postSolution
		{D5977706-E5C6-4FDB-BE46-049DC8F9C4BC}.Debug|Any CPU.ActiveCfg = Debug|Any CPU
		{D5977706-E5C6-4FDB-BE46-049DC8F9C4BC}.Debug|Any CPU.Build.0 = Debug|Any CPU
		{D5977706-E5C6-4FDB-BE46-049DC8F9C4BC}.Release|Any CPU.ActiveCfg = Release|Any CPU
		{D5977706-E5C6-4FDB-BE46-049DC8F9C4BC}.Release|Any CPU.Build.0 = Release|Any CPU
	EndGlobalSection
	GlobalSection(SolutionProperties) = preSolution
		HideSolutionNode = FALSE
	EndGlobalSection
EndGlobal
